<?xml version="1.0" encoding="utf-8"?>
<Project ToolsVersion="4.0" xmlns="http://schemas.microsoft.com/developer/msbuild/2003">
  <ItemGroup>
    <Filter Include="Source Files">
      <UniqueIdentifier>{4FC737F1-C7A5-4376-A066-2A32D752A2FF}</UniqueIdentifier>
      <Extensions>cpp;c;cc;cxx;c++;cppm;ixx;def;odl;idl;hpj;bat;asm;asmx</Extensions>
    </Filter>
    <Filter Include="Header Files">
      <UniqueIdentifier>{93995380-89BD-4b04-88EB-625FBE52EBFB}</UniqueIdentifier>
      <Extensions>h;hh;hpp;hxx;h++;hm;inl;inc;ipp;xsd</Extensions>
    </Filter>
    <Filter Include="Resource Files">
      <UniqueIdentifier>{67DA6AB6-F800-4c08-8B7A-83BB121AAD01}</UniqueIdentifier>
      <Extensions>rc;ico;cur;bmp;dlg;rc2;rct;bin;rgs;gif;jpg;jpeg;jpe;resx;tiff;tif;png;wav;mfcribbon-ms</Extensions>
    </Filter>
    <Filter Include="Game Files">
      <UniqueIdentifier>{da80411c-387b-4324-bc90-7b1e77ba1f34}</UniqueIdentifier>
    </Filter>
    <Filter Include="Components">
      <UniqueIdentifier>{1b938bbb-a01d-4d8f-84cf-d735f3dcfd53}</UniqueIdentifier>
    </Filter>
    <Filter Include="Commands">
      <UniqueIdentifier>{44b2a487-fa33-4f12-b6eb-5e0a30660e4d}</UniqueIdentifier>
    </Filter>
    <Filter Include="Managers">
      <UniqueIdentifier>{0a7ed76a-8090-403d-893d-1686a4ae78f0}</UniqueIdentifier>
    </Filter>
    <Filter Include="Observers">
      <UniqueIdentifier>{0664ff85-9cb7-4fae-aa5e-8cc20a79d664}</UniqueIdentifier>
    </Filter>
  </ItemGroup>
  <ItemGroup>
    <ClCompile Include="QBert.cpp">
      <Filter>Source Files</Filter>
    </ClCompile>
    <ClCompile Include="Game.cpp">
      <Filter>Game Files</Filter>
    </ClCompile>
    <ClCompile Include="NodeComponent.cpp">
      <Filter>Components</Filter>
    </ClCompile>
    <ClCompile Include="GridComponent.cpp">
      <Filter>Components</Filter>
    </ClCompile>
    <ClCompile Include="CharacterComponent.cpp">
      <Filter>Components</Filter>
    </ClCompile>
    <ClCompile Include="Commands.cpp">
      <Filter>Commands</Filter>
    </ClCompile>
    <ClCompile Include="LiftComponent.cpp">
      <Filter>Components</Filter>
    </ClCompile>
    <ClCompile Include="NodeObserver.cpp">
      <Filter>Observers</Filter>
    </ClCompile>
    <ClCompile Include="EnemyManager.cpp">
      <Filter>Managers</Filter>
    </ClCompile>
    <ClCompile Include="GridObserver.cpp">
      <Filter>Observers</Filter>
    </ClCompile>
    <ClCompile Include="LevelManagerComponent.cpp">
      <Filter>Components</Filter>
    </ClCompile>
    <ClCompile Include="PlayerManagerComponent.cpp">
      <Filter>Components</Filter>
    </ClCompile>
    <ClCompile Include="ManagerObserver.cpp">
      <Filter>Observers</Filter>
    </ClCompile>
  </ItemGroup>
  <ItemGroup>
    <ClInclude Include="Game.h">
      <Filter>Game Files</Filter>
    </ClInclude>
    <ClInclude Include="NodeComponent.h">
      <Filter>Components</Filter>
    </ClInclude>
    <ClInclude Include="GridComponent.h">
      <Filter>Components</Filter>
    </ClInclude>
    <ClInclude Include="CharacterComponent.h">
      <Filter>Components</Filter>
    </ClInclude>
    <ClInclude Include="Commands.h">
      <Filter>Commands</Filter>
    </ClInclude>
    <ClInclude Include="LiftComponent.h">
      <Filter>Components</Filter>
    </ClInclude>
    <ClInclude Include="NodeObserver.h">
      <Filter>Observers</Filter>
    </ClInclude>
    <ClInclude Include="EnemyManager.h">
      <Filter>Managers</Filter>
    </ClInclude>
    <ClInclude Include="GridObserver.h">
      <Filter>Observers</Filter>
    </ClInclude>
    <ClInclude Include="LevelManagerComponent.h">
      <Filter>Components</Filter>
    </ClInclude>
    <ClInclude Include="PlayerManagerComponent.h">
      <Filter>Components</Filter>
    </ClInclude>
    <ClInclude Include="ManagerObserver.h">
      <Filter>Observers</Filter>
    </ClInclude>
  </ItemGroup>
</Project>