<?xml version="1.0" encoding="utf-8"?>
<Project ToolsVersion="4.0" xmlns="http://schemas.microsoft.com/developer/msbuild/2003">
  <ItemGroup>
    <Filter Include="Source Files">
      <UniqueIdentifier>{4FC737F1-C7A5-4376-A066-2A32D752A2FF}</UniqueIdentifier>
      <Extensions>cpp;c;cc;cxx;def;odl;idl;hpj;bat;asm;asmx</Extensions>
    </Filter>
    <Filter Include="Header Files">
      <UniqueIdentifier>{93995380-89BD-4b04-88EB-625FBE52EBFB}</UniqueIdentifier>
      <Extensions>h;hh;hpp;hxx;hm;inl;inc;xsd</Extensions>
    </Filter>
    <Filter Include="Resource Files">
      <UniqueIdentifier>{67DA6AB6-F800-4c08-8B7A-83BB121AAD01}</UniqueIdentifier>
      <Extensions>rc;ico;cur;bmp;dlg;rc2;rct;bin;rgs;gif;jpg;jpeg;jpe;resx;tiff;tif;png;wav;mfcribbon-ms</Extensions>
    </Filter>
    <Filter Include="Components">
      <UniqueIdentifier>{eaed725e-c90f-4b9b-8a58-22e31de95642}</UniqueIdentifier>
    </Filter>
    <Filter Include="Singletons">
      <UniqueIdentifier>{1f83a6c8-aa4c-4327-ae1f-6a25695a4aa7}</UniqueIdentifier>
    </Filter>
    <Filter Include="Singletons\Time">
      <UniqueIdentifier>{ee3a7edc-54cb-4ac6-af7a-1b9760b318f4}</UniqueIdentifier>
    </Filter>
    <Filter Include="Singletons\SceneManager">
      <UniqueIdentifier>{6badc3bb-ca4a-4829-a6e6-4a4aea378c21}</UniqueIdentifier>
    </Filter>
    <Filter Include="Singletons\InputManager">
      <UniqueIdentifier>{819e9b02-0af9-4315-91d0-f9198a8d0052}</UniqueIdentifier>
    </Filter>
    <Filter Include="Singletons\ResourceManager">
      <UniqueIdentifier>{da1885c0-9a04-42da-8691-3f71f34e151d}</UniqueIdentifier>
    </Filter>
    <Filter Include="Objects">
      <UniqueIdentifier>{8aeafca3-f936-45d3-935a-7fb2437eaa33}</UniqueIdentifier>
    </Filter>
  </ItemGroup>
  <ItemGroup>
    <ClInclude Include="MiniginPCH.h">
      <Filter>Header Files</Filter>
    </ClInclude>
    <ClInclude Include="Singleton.h">
      <Filter>Header Files</Filter>
    </ClInclude>
    <ClInclude Include="Renderer.h">
      <Filter>Header Files</Filter>
    </ClInclude>
    <ClInclude Include="Texture2D.h">
      <Filter>Header Files</Filter>
    </ClInclude>
    <ClInclude Include="Transform.h">
      <Filter>Header Files</Filter>
    </ClInclude>
    <ClInclude Include="Scene.h">
      <Filter>Header Files</Filter>
    </ClInclude>
    <ClInclude Include="Font.h">
      <Filter>Header Files</Filter>
    </ClInclude>
    <ClInclude Include="Minigin.h">
      <Filter>Header Files</Filter>
    </ClInclude>
    <ClInclude Include="Component.h">
      <Filter>Components</Filter>
    </ClInclude>
    <ClInclude Include="Time.h">
      <Filter>Singletons\Time</Filter>
    </ClInclude>
    <ClInclude Include="SceneManager.h">
      <Filter>Singletons\SceneManager</Filter>
    </ClInclude>
    <ClInclude Include="InputManager.h">
      <Filter>Singletons\InputManager</Filter>
    </ClInclude>
    <ClInclude Include="ResourceManager.h">
      <Filter>Singletons\ResourceManager</Filter>
    </ClInclude>
    <ClInclude Include="SceneObject.h">
      <Filter>Objects</Filter>
    </ClInclude>
    <ClInclude Include="GameObject.h">
      <Filter>Objects</Filter>
    </ClInclude>
    <ClInclude Include="TextObject.h">
      <Filter>Objects</Filter>
    </ClInclude>
  </ItemGroup>
  <ItemGroup>
    <ClCompile Include="MiniginPCH.cpp">
      <Filter>Source Files</Filter>
    </ClCompile>
    <ClCompile Include="Renderer.cpp">
      <Filter>Source Files</Filter>
    </ClCompile>
    <ClCompile Include="Texture2D.cpp">
      <Filter>Source Files</Filter>
    </ClCompile>
    <ClCompile Include="Transform.cpp">
      <Filter>Source Files</Filter>
    </ClCompile>
    <ClCompile Include="Scene.cpp">
      <Filter>Source Files</Filter>
    </ClCompile>
    <ClCompile Include="Font.cpp">
      <Filter>Source Files</Filter>
    </ClCompile>
    <ClCompile Include="Main.cpp">
      <Filter>Source Files</Filter>
    </ClCompile>
    <ClCompile Include="Minigin.cpp">
      <Filter>Source Files</Filter>
    </ClCompile>
    <ClCompile Include="Time.cpp">
      <Filter>Singletons\Time</Filter>
    </ClCompile>
    <ClCompile Include="SceneManager.cpp">
      <Filter>Singletons\SceneManager</Filter>
    </ClCompile>
    <ClCompile Include="InputManager.cpp">
      <Filter>Singletons\InputManager</Filter>
    </ClCompile>
    <ClCompile Include="ResourceManager.cpp">
      <Filter>Singletons\ResourceManager</Filter>
    </ClCompile>
    <ClCompile Include="GameObject.cpp">
      <Filter>Objects</Filter>
    </ClCompile>
    <ClCompile Include="TextObject.cpp">
      <Filter>Objects</Filter>
    </ClCompile>
  </ItemGroup>
</Project>